
Microsoft Visual Studio Solution File, Format Version 12.00
# Visual Studio Version 17
VisualStudioVersion = 17.8.34525.116
MinimumVisualStudioVersion = 10.0.40219.1
Project("{FAE04EC0-301F-11D3-BF4B-00C04F79EFBC}") = "articulo_itbis", "articulo_itbis\articulo_itbis.csproj", "{D431364C-FECE-4702-AFFE-78A0E2A2BDDD}"
EndProject
Global
	GlobalSection(SolutionConfigurationPlatforms) = preSolution
		Debug|Any CPU = Debug|Any CPU
		Release|Any CPU = Release|Any CPU
	EndGlobalSection
	GlobalSection(ProjectConfigurationPlatforms) = postSolution
		{D431364C-FECE-4702-AFFE-78A0E2A2BDDD}.Debug|Any CPU.ActiveCfg = Debug|Any CPU
		{D431364C-FECE-4702-AFFE-78A0E2A2BDDD}.Debug|Any CPU.Build.0 = Debug|Any CPU
		{D431364C-FECE-4702-AFFE-78A0E2A2BDDD}.Release|Any CPU.ActiveCfg = Release|Any CPU
		{D431364C-FECE-4702-AFFE-78A0E2A2BDDD}.Release|Any CPU.Build.0 = Release|Any CPU
	EndGlobalSection
	GlobalSection(SolutionProperties) = preSolution
		HideSolutionNode = FALSE
	EndGlobalSection
	GlobalSection(ExtensibilityGlobals) = postSolution
		SolutionGuid = {4F3F3907-74F7-4C2F-A0C6-D235B054C2D6}
	EndGlobalSection
EndGlobal
